
Microsoft Visual Studio Solution File, Format Version 12.00
# Visual Studio Version 17
VisualStudioVersion = 17.7.34202.233
MinimumVisualStudioVersion = 10.0.40219.1
Project("{9A19103F-16F7-4668-BE54-9A1E7A4F7556}") = "DAL", "DAL\DAL.csproj", "{3D827B9E-167B-4B10-A242-4A20764953D4}"
EndProject
Project("{9A19103F-16F7-4668-BE54-9A1E7A4F7556}") = "BLL", "BLL\BLL.csproj", "{34AF6D4D-A8F8-43FF-8C77-61FE2762AC77}"
EndProject
Project("{9A19103F-16F7-4668-BE54-9A1E7A4F7556}") = "App", "App\App.csproj", "{C26C4B21-65B9-4A3A-A4CD-D563C8DCDA7C}"
EndProject
Project("{9A19103F-16F7-4668-BE54-9A1E7A4F7556}") = "Models", "Models\Models.csproj", "{651D5BEA-54C6-4E15-845F-CD81D2EB8470}"
EndProject
Project("{FAE04EC0-301F-11D3-BF4B-00C04F79EFBC}") = "Admin", "Admin\Admin.csproj", "{AF7E07A6-8426-48F8-98BF-D8CDDD0018DE}"
EndProject
Global
	GlobalSection(SolutionConfigurationPlatforms) = preSolution
		Debug|Any CPU = Debug|Any CPU
		Release|Any CPU = Release|Any CPU
	EndGlobalSection
	GlobalSection(ProjectConfigurationPlatforms) = postSolution
		{3D827B9E-167B-4B10-A242-4A20764953D4}.Debug|Any CPU.ActiveCfg = Debug|Any CPU
		{3D827B9E-167B-4B10-A242-4A20764953D4}.Debug|Any CPU.Build.0 = Debug|Any CPU
		{3D827B9E-167B-4B10-A242-4A20764953D4}.Release|Any CPU.ActiveCfg = Release|Any CPU
		{3D827B9E-167B-4B10-A242-4A20764953D4}.Release|Any CPU.Build.0 = Release|Any CPU
		{34AF6D4D-A8F8-43FF-8C77-61FE2762AC77}.Debug|Any CPU.ActiveCfg = Debug|Any CPU
		{34AF6D4D-A8F8-43FF-8C77-61FE2762AC77}.Debug|Any CPU.Build.0 = Debug|Any CPU
		{34AF6D4D-A8F8-43FF-8C77-61FE2762AC77}.Release|Any CPU.ActiveCfg = Release|Any CPU
		{34AF6D4D-A8F8-43FF-8C77-61FE2762AC77}.Release|Any CPU.Build.0 = Release|Any CPU
		{C26C4B21-65B9-4A3A-A4CD-D563C8DCDA7C}.Debug|Any CPU.ActiveCfg = Debug|Any CPU
		{C26C4B21-65B9-4A3A-A4CD-D563C8DCDA7C}.Debug|Any CPU.Build.0 = Debug|Any CPU
		{C26C4B21-65B9-4A3A-A4CD-D563C8DCDA7C}.Release|Any CPU.ActiveCfg = Release|Any CPU
		{C26C4B21-65B9-4A3A-A4CD-D563C8DCDA7C}.Release|Any CPU.Build.0 = Release|Any CPU
		{651D5BEA-54C6-4E15-845F-CD81D2EB8470}.Debug|Any CPU.ActiveCfg = Debug|Any CPU
		{651D5BEA-54C6-4E15-845F-CD81D2EB8470}.Debug|Any CPU.Build.0 = Debug|Any CPU
		{651D5BEA-54C6-4E15-845F-CD81D2EB8470}.Release|Any CPU.ActiveCfg = Release|Any CPU
		{651D5BEA-54C6-4E15-845F-CD81D2EB8470}.Release|Any CPU.Build.0 = Release|Any CPU
		{AF7E07A6-8426-48F8-98BF-D8CDDD0018DE}.Debug|Any CPU.ActiveCfg = Debug|Any CPU
		{AF7E07A6-8426-48F8-98BF-D8CDDD0018DE}.Debug|Any CPU.Build.0 = Debug|Any CPU
		{AF7E07A6-8426-48F8-98BF-D8CDDD0018DE}.Release|Any CPU.ActiveCfg = Release|Any CPU
		{AF7E07A6-8426-48F8-98BF-D8CDDD0018DE}.Release|Any CPU.Build.0 = Release|Any CPU
	EndGlobalSection
	GlobalSection(SolutionProperties) = preSolution
		HideSolutionNode = FALSE
	EndGlobalSection
	GlobalSection(ExtensibilityGlobals) = postSolution
		SolutionGuid = {B68AF38E-546A-440A-85E8-15C74BE0EB30}
	EndGlobalSection
EndGlobal
